
Microsoft Visual Studio Solution File, Format Version 12.00
# Visual Studio 15
VisualStudioVersion = 15.0.28307.136
MinimumVisualStudioVersion = 10.0.40219.1
Project("{FAE04EC0-301F-11D3-BF4B-00C04F79EFBC}") = "assiment russinan_roullete", "assiment russinan_roullete\assiment russinan_roullete.csproj", "{9BF3A81B-4815-423B-9FB6-F5928050ECA2}"
EndProject
Global
	GlobalSection(SolutionConfigurationPlatforms) = preSolution
		Debug|Any CPU = Debug|Any CPU
		Release|Any CPU = Release|Any CPU
	EndGlobalSection
	GlobalSection(ProjectConfigurationPlatforms) = postSolution
		{9BF3A81B-4815-423B-9FB6-F5928050ECA2}.Debug|Any CPU.ActiveCfg = Debug|Any CPU
		{9BF3A81B-4815-423B-9FB6-F5928050ECA2}.Debug|Any CPU.Build.0 = Debug|Any CPU
		{9BF3A81B-4815-423B-9FB6-F5928050ECA2}.Release|Any CPU.ActiveCfg = Release|Any CPU
		{9BF3A81B-4815-423B-9FB6-F5928050ECA2}.Release|Any CPU.Build.0 = Release|Any CPU
	EndGlobalSection
	GlobalSection(SolutionProperties) = preSolution
		HideSolutionNode = FALSE
	EndGlobalSection
	GlobalSection(ExtensibilityGlobals) = postSolution
		SolutionGuid = {BDD24265-8B0C-45FC-AD85-C37EE9C5F4D4}
	EndGlobalSection
EndGlobal
